// !$*UTF8*$!
{
	archiveVersion = 1;
	classes = {
	};
	objectVersion = 46;
	objects = {

/* Begin PBXBuildFile section */
		5E2C5024171F46A6008A9752 /* PTPrivate.h in Headers */ = {isa = PBXBuildFile; fileRef = 5E2C5023171F46A6008A9752 /* PTPrivate.h */; };
		6A2E8E3D152749E0001B90E4 /* Icon.icns in Resources */ = {isa = PBXBuildFile; fileRef = 6A2E8E3C152749E0001B90E4 /* Icon.icns */; };
		6A2E8E3F15274F8E001B90E4 /* QuartzCore.framework in Frameworks */ = {isa = PBXBuildFile; fileRef = 6A2E8E3E15274F8E001B90E4 /* QuartzCore.framework */; };
		6A64AAC8152604D40065BF86 /* Cocoa.framework in Frameworks */ = {isa = PBXBuildFile; fileRef = 6A88FA33150D613800FC3647 /* Cocoa.framework */; };
		6A64AACE152604D40065BF86 /* InfoPlist.strings in Resources */ = {isa = PBXBuildFile; fileRef = 6A64AACC152604D40065BF86 /* InfoPlist.strings */; };
		6A64AAD0152604D40065BF86 /* main.m in Sources */ = {isa = PBXBuildFile; fileRef = 6A64AACF152604D40065BF86 /* main.m */; };
		6A64AAD4152604D40065BF86 /* Credits.rtf in Resources */ = {isa = PBXBuildFile; fileRef = 6A64AAD2152604D40065BF86 /* Credits.rtf */; };
		6A64AADA152604D40065BF86 /* MainMenu.xib in Resources */ = {isa = PBXBuildFile; fileRef = 6A64AAD8152604D40065BF86 /* MainMenu.xib */; };
		6A64AB0215260B4D0065BF86 /* libpeertalk.a in Frameworks */ = {isa = PBXBuildFile; fileRef = 6A88FA30150D613800FC3647 /* libpeertalk.a */; };
		6A88FA34150D613800FC3647 /* Cocoa.framework in Frameworks */ = {isa = PBXBuildFile; fileRef = 6A88FA33150D613800FC3647 /* Cocoa.framework */; };
		6A88FA60150D61DE00FC3647 /* PTProtocol.h in Headers */ = {isa = PBXBuildFile; fileRef = 6A88FA5C150D61DE00FC3647 /* PTProtocol.h */; };
		6A88FA61150D61DE00FC3647 /* PTProtocol.m in Sources */ = {isa = PBXBuildFile; fileRef = 6A88FA5D150D61DE00FC3647 /* PTProtocol.m */; };
		6A88FA62150D61DE00FC3647 /* PTUSBHub.h in Headers */ = {isa = PBXBuildFile; fileRef = 6A88FA5E150D61DE00FC3647 /* PTUSBHub.h */; };
		6A88FA63150D61DE00FC3647 /* PTUSBHub.m in Sources */ = {isa = PBXBuildFile; fileRef = 6A88FA5F150D61DE00FC3647 /* PTUSBHub.m */; };
		6ACFD2D6151D36220081ACF5 /* PTChannel.h in Headers */ = {isa = PBXBuildFile; fileRef = 6ACFD2D4151D36220081ACF5 /* PTChannel.h */; };
		6ACFD2D7151D36220081ACF5 /* PTChannel.m in Sources */ = {isa = PBXBuildFile; fileRef = 6ACFD2D5151D36220081ACF5 /* PTChannel.m */; };
		6F9D4799FEB12B8120FDE75F /* Pods_Peertalk_Example.framework in Frameworks */ = {isa = PBXBuildFile; fileRef = A1A412F93ED4A1B60CBAE952 /* Pods_Peertalk_Example.framework */; };
		C3EE2C111D1B319D007B85A9 /* FBPortForwardingClient.h in Headers */ = {isa = PBXBuildFile; fileRef = C3EE2C0C1D1B319D007B85A9 /* FBPortForwardingClient.h */; };
		C3EE2C121D1B319D007B85A9 /* FBPortForwardingClient.m in Sources */ = {isa = PBXBuildFile; fileRef = C3EE2C0D1D1B319D007B85A9 /* FBPortForwardingClient.m */; };
		C3EE2C131D1B319D007B85A9 /* FBPortForwardingCommon.h in Headers */ = {isa = PBXBuildFile; fileRef = C3EE2C0E1D1B319D007B85A9 /* FBPortForwardingCommon.h */; };
/* End PBXBuildFile section */

/* Begin PBXContainerItemProxy section */
		6A64AB0315260B510065BF86 /* PBXContainerItemProxy */ = {
			isa = PBXContainerItemProxy;
			containerPortal = 6A88FA27150D613800FC3647 /* Project object */;
			proxyType = 1;
			remoteGlobalIDString = 6A88FA2F150D613800FC3647;
			remoteInfo = peertalk;
		};
/* End PBXContainerItemProxy section */

/* Begin PBXFileReference section */
		1E2CB8BDA546C31DBFB494E3 /* Pods-Peertalk Example.release.xcconfig */ = {isa = PBXFileReference; includeInIndex = 1; lastKnownFileType = text.xcconfig; name = "Pods-Peertalk Example.release.xcconfig"; path = "Pods/Target Support Files/Pods-Peertalk Example/Pods-Peertalk Example.release.xcconfig"; sourceTree = "<group>"; };
		5E2C5023171F46A6008A9752 /* PTPrivate.h */ = {isa = PBXFileReference; fileEncoding = 4; lastKnownFileType = sourcecode.c.h; path = PTPrivate.h; sourceTree = "<group>"; };
		6A0A056E150DB1C10014D424 /* Foundation.framework */ = {isa = PBXFileReference; lastKnownFileType = wrapper.framework; name = Foundation.framework; path = System/Library/Frameworks/Foundation.framework; sourceTree = SDKROOT; };
		6A2E8E3C152749E0001B90E4 /* Icon.icns */ = {isa = PBXFileReference; lastKnownFileType = image.icns; path = Icon.icns; sourceTree = "<group>"; };
		6A2E8E3E15274F8E001B90E4 /* QuartzCore.framework */ = {isa = PBXFileReference; lastKnownFileType = wrapper.framework; name = QuartzCore.framework; path = System/Library/Frameworks/QuartzCore.framework; sourceTree = SDKROOT; };
		6A4010D515275E3800EF0E92 /* prefix.pch */ = {isa = PBXFileReference; lastKnownFileType = sourcecode.c.h; path = prefix.pch; sourceTree = "<group>"; };
		6A4010D615275E5400EF0E92 /* UIKit.framework */ = {isa = PBXFileReference; lastKnownFileType = wrapper.framework; name = UIKit.framework; path = Platforms/iPhoneOS.platform/Developer/SDKs/iPhoneOS5.1.sdk/System/Library/Frameworks/UIKit.framework; sourceTree = DEVELOPER_DIR; };
		6A4010D815275E9600EF0E92 /* CoreGraphics.framework */ = {isa = PBXFileReference; lastKnownFileType = wrapper.framework; name = CoreGraphics.framework; path = Platforms/iPhoneOS.platform/Developer/SDKs/iPhoneOS5.1.sdk/System/Library/Frameworks/CoreGraphics.framework; sourceTree = DEVELOPER_DIR; };
		6A64AAC6152604D40065BF86 /* Peertalk Example.app */ = {isa = PBXFileReference; explicitFileType = wrapper.application; includeInIndex = 0; path = "Peertalk Example.app"; sourceTree = BUILT_PRODUCTS_DIR; };
		6A64AACB152604D40065BF86 /* Peertalk Example-Info.plist */ = {isa = PBXFileReference; lastKnownFileType = text.plist.xml; path = "Peertalk Example-Info.plist"; sourceTree = "<group>"; };
		6A64AACD152604D40065BF86 /* en */ = {isa = PBXFileReference; lastKnownFileType = text.plist.strings; name = en; path = en.lproj/InfoPlist.strings; sourceTree = "<group>"; };
		6A64AACF152604D40065BF86 /* main.m */ = {isa = PBXFileReference; lastKnownFileType = sourcecode.c.objc; path = main.m; sourceTree = "<group>"; };
		6A64AAD1152604D40065BF86 /* Peertalk Example-Prefix.pch */ = {isa = PBXFileReference; lastKnownFileType = sourcecode.c.h; path = "Peertalk Example-Prefix.pch"; sourceTree = "<group>"; };
		6A64AAD3152604D40065BF86 /* en */ = {isa = PBXFileReference; lastKnownFileType = text.rtf; name = en; path = en.lproj/Credits.rtf; sourceTree = "<group>"; };
		6A64AAD9152604D40065BF86 /* en */ = {isa = PBXFileReference; lastKnownFileType = file.xib; name = en; path = en.lproj/MainMenu.xib; sourceTree = "<group>"; };
		6A64AB01152608C80065BF86 /* PTExampleProtocol.h */ = {isa = PBXFileReference; lastKnownFileType = sourcecode.c.h; path = PTExampleProtocol.h; sourceTree = "<group>"; };
		6A88FA30150D613800FC3647 /* libpeertalk.a */ = {isa = PBXFileReference; explicitFileType = archive.ar; includeInIndex = 0; path = libpeertalk.a; sourceTree = BUILT_PRODUCTS_DIR; };
		6A88FA33150D613800FC3647 /* Cocoa.framework */ = {isa = PBXFileReference; lastKnownFileType = wrapper.framework; name = Cocoa.framework; path = System/Library/Frameworks/Cocoa.framework; sourceTree = SDKROOT; };
		6A88FA36150D613800FC3647 /* AppKit.framework */ = {isa = PBXFileReference; lastKnownFileType = wrapper.framework; name = AppKit.framework; path = System/Library/Frameworks/AppKit.framework; sourceTree = SDKROOT; };
		6A88FA37150D613800FC3647 /* CoreData.framework */ = {isa = PBXFileReference; lastKnownFileType = wrapper.framework; name = CoreData.framework; path = System/Library/Frameworks/CoreData.framework; sourceTree = SDKROOT; };
		6A88FA38150D613800FC3647 /* Foundation.framework */ = {isa = PBXFileReference; lastKnownFileType = wrapper.framework; name = Foundation.framework; path = System/Library/Frameworks/Foundation.framework; sourceTree = SDKROOT; };
		6A88FA45150D613800FC3647 /* SenTestingKit.framework */ = {isa = PBXFileReference; lastKnownFileType = wrapper.framework; name = SenTestingKit.framework; path = Library/Frameworks/SenTestingKit.framework; sourceTree = DEVELOPER_DIR; };
		6A88FA4D150D613800FC3647 /* peertalkTests-Info.plist */ = {isa = PBXFileReference; lastKnownFileType = text.plist.xml; path = "peertalkTests-Info.plist"; sourceTree = "<group>"; };
		6A88FA4F150D613800FC3647 /* en */ = {isa = PBXFileReference; lastKnownFileType = text.plist.strings; name = en; path = en.lproj/InfoPlist.strings; sourceTree = "<group>"; };
		6A88FA51150D613800FC3647 /* PTProtocolTests.h */ = {isa = PBXFileReference; lastKnownFileType = sourcecode.c.h; path = PTProtocolTests.h; sourceTree = "<group>"; };
		6A88FA52150D613800FC3647 /* PTProtocolTests.m */ = {isa = PBXFileReference; lastKnownFileType = sourcecode.c.objc; path = PTProtocolTests.m; sourceTree = "<group>"; };
		6A88FA5C150D61DE00FC3647 /* PTProtocol.h */ = {isa = PBXFileReference; fileEncoding = 4; lastKnownFileType = sourcecode.c.h; path = PTProtocol.h; sourceTree = "<group>"; };
		6A88FA5D150D61DE00FC3647 /* PTProtocol.m */ = {isa = PBXFileReference; fileEncoding = 4; lastKnownFileType = sourcecode.c.objc; path = PTProtocol.m; sourceTree = "<group>"; };
		6A88FA5E150D61DE00FC3647 /* PTUSBHub.h */ = {isa = PBXFileReference; fileEncoding = 4; lastKnownFileType = sourcecode.c.h; path = PTUSBHub.h; sourceTree = "<group>"; };
		6A88FA5F150D61DE00FC3647 /* PTUSBHub.m */ = {isa = PBXFileReference; fileEncoding = 4; lastKnownFileType = sourcecode.c.objc; path = PTUSBHub.m; sourceTree = "<group>"; };
		6ACFD2D4151D36220081ACF5 /* PTChannel.h */ = {isa = PBXFileReference; fileEncoding = 4; lastKnownFileType = sourcecode.c.h; path = PTChannel.h; sourceTree = "<group>"; };
		6ACFD2D5151D36220081ACF5 /* PTChannel.m */ = {isa = PBXFileReference; fileEncoding = 4; lastKnownFileType = sourcecode.c.objc; path = PTChannel.m; sourceTree = "<group>"; };
		A1A412F93ED4A1B60CBAE952 /* Pods_Peertalk_Example.framework */ = {isa = PBXFileReference; explicitFileType = wrapper.framework; includeInIndex = 0; path = Pods_Peertalk_Example.framework; sourceTree = BUILT_PRODUCTS_DIR; };
		C3EE2C0C1D1B319D007B85A9 /* FBPortForwardingClient.h */ = {isa = PBXFileReference; fileEncoding = 4; lastKnownFileType = sourcecode.c.h; path = FBPortForwardingClient.h; sourceTree = "<group>"; };
		C3EE2C0D1D1B319D007B85A9 /* FBPortForwardingClient.m */ = {isa = PBXFileReference; fileEncoding = 4; lastKnownFileType = sourcecode.c.objc; path = FBPortForwardingClient.m; sourceTree = "<group>"; };
		C3EE2C0E1D1B319D007B85A9 /* FBPortForwardingCommon.h */ = {isa = PBXFileReference; fileEncoding = 4; lastKnownFileType = sourcecode.c.h; path = FBPortForwardingCommon.h; sourceTree = "<group>"; };
		D9454E96A897C47639AE9F0C /* Pods-Peertalk Example.debug.xcconfig */ = {isa = PBXFileReference; includeInIndex = 1; lastKnownFileType = text.xcconfig; name = "Pods-Peertalk Example.debug.xcconfig"; path = "Pods/Target Support Files/Pods-Peertalk Example/Pods-Peertalk Example.debug.xcconfig"; sourceTree = "<group>"; };
/* End PBXFileReference section */

/* Begin PBXFrameworksBuildPhase section */
		6A64AAC3152604D40065BF86 /* Frameworks */ = {
			isa = PBXFrameworksBuildPhase;
			buildActionMask = 2147483647;
			files = (
				6A2E8E3F15274F8E001B90E4 /* QuartzCore.framework in Frameworks */,
				6A64AB0215260B4D0065BF86 /* libpeertalk.a in Frameworks */,
				6A64AAC8152604D40065BF86 /* Cocoa.framework in Frameworks */,
				6F9D4799FEB12B8120FDE75F /* Pods_Peertalk_Example.framework in Frameworks */,
			);
			runOnlyForDeploymentPostprocessing = 0;
		};
		6A88FA2D150D613800FC3647 /* Frameworks */ = {
			isa = PBXFrameworksBuildPhase;
			buildActionMask = 2147483647;
			files = (
				6A88FA34150D613800FC3647 /* Cocoa.framework in Frameworks */,
			);
			runOnlyForDeploymentPostprocessing = 0;
		};
/* End PBXFrameworksBuildPhase section */

/* Begin PBXGroup section */
		6A64AAC9152604D40065BF86 /* Peertalk Example */ = {
			isa = PBXGroup;
			children = (
				6A64AB01152608C80065BF86 /* PTExampleProtocol.h */,
				6A64AAD8152604D40065BF86 /* MainMenu.xib */,
				6A64AACA152604D40065BF86 /* Supporting Files */,
			);
			path = "Peertalk Example";
			sourceTree = "<group>";
		};
		6A64AACA152604D40065BF86 /* Supporting Files */ = {
			isa = PBXGroup;
			children = (
				6A2E8E3C152749E0001B90E4 /* Icon.icns */,
				6A64AACB152604D40065BF86 /* Peertalk Example-Info.plist */,
				6A64AACC152604D40065BF86 /* InfoPlist.strings */,
				6A64AACF152604D40065BF86 /* main.m */,
				6A64AAD1152604D40065BF86 /* Peertalk Example-Prefix.pch */,
				6A64AAD2152604D40065BF86 /* Credits.rtf */,
			);
			name = "Supporting Files";
			sourceTree = "<group>";
		};
		6A88FA25150D613800FC3647 = {
			isa = PBXGroup;
			children = (
				C3EE2C0B1D1B319D007B85A9 /* FBPortForwarding */,
				6A88FA39150D613800FC3647 /* peertalk */,
				6A88FA4B150D613800FC3647 /* tests */,
				6A64AAC9152604D40065BF86 /* Peertalk Example */,
				6A88FA32150D613800FC3647 /* Frameworks */,
				6A88FA31150D613800FC3647 /* Products */,
				D4E855075EEA1E0DE089E947 /* Pods */,
			);
			sourceTree = "<group>";
		};
		6A88FA31150D613800FC3647 /* Products */ = {
			isa = PBXGroup;
			children = (
				6A88FA30150D613800FC3647 /* libpeertalk.a */,
				6A64AAC6152604D40065BF86 /* Peertalk Example.app */,
			);
			name = Products;
			sourceTree = "<group>";
		};
		6A88FA32150D613800FC3647 /* Frameworks */ = {
			isa = PBXGroup;
			children = (
				6A4010D815275E9600EF0E92 /* CoreGraphics.framework */,
				6A4010D615275E5400EF0E92 /* UIKit.framework */,
				6A2E8E3E15274F8E001B90E4 /* QuartzCore.framework */,
				6A88FA33150D613800FC3647 /* Cocoa.framework */,
				6A88FA45150D613800FC3647 /* SenTestingKit.framework */,
				6A0A056E150DB1C10014D424 /* Foundation.framework */,
				6A88FA35150D613800FC3647 /* Other Frameworks */,
				A1A412F93ED4A1B60CBAE952 /* Pods_Peertalk_Example.framework */,
			);
			name = Frameworks;
			sourceTree = "<group>";
		};
		6A88FA35150D613800FC3647 /* Other Frameworks */ = {
			isa = PBXGroup;
			children = (
				6A88FA36150D613800FC3647 /* AppKit.framework */,
				6A88FA37150D613800FC3647 /* CoreData.framework */,
				6A88FA38150D613800FC3647 /* Foundation.framework */,
			);
			name = "Other Frameworks";
			sourceTree = "<group>";
		};
		6A88FA39150D613800FC3647 /* peertalk */ = {
			isa = PBXGroup;
			children = (
				6A4010D515275E3800EF0E92 /* prefix.pch */,
				5E2C5023171F46A6008A9752 /* PTPrivate.h */,
				6ACFD2D4151D36220081ACF5 /* PTChannel.h */,
				6ACFD2D5151D36220081ACF5 /* PTChannel.m */,
				6A88FA5C150D61DE00FC3647 /* PTProtocol.h */,
				6A88FA5D150D61DE00FC3647 /* PTProtocol.m */,
				6A88FA5E150D61DE00FC3647 /* PTUSBHub.h */,
				6A88FA5F150D61DE00FC3647 /* PTUSBHub.m */,
			);
			path = peertalk;
			sourceTree = "<group>";
		};
		6A88FA4B150D613800FC3647 /* tests */ = {
			isa = PBXGroup;
			children = (
				6A88FA51150D613800FC3647 /* PTProtocolTests.h */,
				6A88FA52150D613800FC3647 /* PTProtocolTests.m */,
				6A88FA4C150D613800FC3647 /* Supporting Files */,
			);
			name = tests;
			path = "peertalk-tests";
			sourceTree = "<group>";
		};
		6A88FA4C150D613800FC3647 /* Supporting Files */ = {
			isa = PBXGroup;
			children = (
				6A88FA4D150D613800FC3647 /* peertalkTests-Info.plist */,
				6A88FA4E150D613800FC3647 /* InfoPlist.strings */,
			);
			name = "Supporting Files";
			sourceTree = "<group>";
		};
		C3EE2C0B1D1B319D007B85A9 /* FBPortForwarding */ = {
			isa = PBXGroup;
			children = (
				C3EE2C0C1D1B319D007B85A9 /* FBPortForwardingClient.h */,
				C3EE2C0D1D1B319D007B85A9 /* FBPortForwardingClient.m */,
				C3EE2C0E1D1B319D007B85A9 /* FBPortForwardingCommon.h */,
			);
			path = FBPortForwarding;
			sourceTree = "<group>";
		};
		D4E855075EEA1E0DE089E947 /* Pods */ = {
			isa = PBXGroup;
			children = (
				D9454E96A897C47639AE9F0C /* Pods-Peertalk Example.debug.xcconfig */,
				1E2CB8BDA546C31DBFB494E3 /* Pods-Peertalk Example.release.xcconfig */,
			);
			name = Pods;
			sourceTree = "<group>";
		};
/* End PBXGroup section */

/* Begin PBXHeadersBuildPhase section */
		6A88FA2E150D613800FC3647 /* Headers */ = {
			isa = PBXHeadersBuildPhase;
			buildActionMask = 2147483647;
			files = (
				6A88FA60150D61DE00FC3647 /* PTProtocol.h in Headers */,
				C3EE2C131D1B319D007B85A9 /* FBPortForwardingCommon.h in Headers */,
				6A88FA62150D61DE00FC3647 /* PTUSBHub.h in Headers */,
				C3EE2C111D1B319D007B85A9 /* FBPortForwardingClient.h in Headers */,
				6ACFD2D6151D36220081ACF5 /* PTChannel.h in Headers */,
				5E2C5024171F46A6008A9752 /* PTPrivate.h in Headers */,
			);
			runOnlyForDeploymentPostprocessing = 0;
		};
/* End PBXHeadersBuildPhase section */

/* Begin PBXNativeTarget section */
		6A64AAC5152604D40065BF86 /* Peertalk Example */ = {
			isa = PBXNativeTarget;
			buildConfigurationList = 6A64AADB152604D40065BF86 /* Build configuration list for PBXNativeTarget "Peertalk Example" */;
			buildPhases = (
				B59320FC22C02E8FFC9F177C /* Check Pods Manifest.lock */,
				6A64AAC2152604D40065BF86 /* Sources */,
				6A64AAC3152604D40065BF86 /* Frameworks */,
				6A64AAC4152604D40065BF86 /* Resources */,
				88FA285F6F80F8D89B459C51 /* Embed Pods Frameworks */,
				C2C9F27C7826EEA618FC3893 /* Copy Pods Resources */,
			);
			buildRules = (
			);
			dependencies = (
				6A64AB0415260B510065BF86 /* PBXTargetDependency */,
			);
			name = "Peertalk Example";
			productName = "Peertalk Example";
			productReference = 6A64AAC6152604D40065BF86 /* Peertalk Example.app */;
			productType = "com.apple.product-type.application";
		};
		6A88FA2F150D613800FC3647 /* peertalk */ = {
			isa = PBXNativeTarget;
			buildConfigurationList = 6A88FA56150D613800FC3647 /* Build configuration list for PBXNativeTarget "peertalk" */;
			buildPhases = (
				6A88FA2C150D613800FC3647 /* Sources */,
				6A88FA2D150D613800FC3647 /* Frameworks */,
				6A88FA2E150D613800FC3647 /* Headers */,
			);
			buildRules = (
			);
			dependencies = (
			);
			name = peertalk;
			productName = rusbhub;
			productReference = 6A88FA30150D613800FC3647 /* libpeertalk.a */;
			productType = "com.apple.product-type.library.static";
		};
/* End PBXNativeTarget section */

/* Begin PBXProject section */
		6A88FA27150D613800FC3647 /* Project object */ = {
			isa = PBXProject;
			attributes = {
				LastUpgradeCheck = 0640;
			};
			buildConfigurationList = 6A88FA2A150D613800FC3647 /* Build configuration list for PBXProject "peertalk" */;
			compatibilityVersion = "Xcode 3.2";
			developmentRegion = English;
			hasScannedForEncodings = 0;
			knownRegions = (
				en,
			);
			mainGroup = 6A88FA25150D613800FC3647;
			productRefGroup = 6A88FA31150D613800FC3647 /* Products */;
			projectDirPath = "";
			projectRoot = "";
			targets = (
				6A88FA2F150D613800FC3647 /* peertalk */,
				6A64AAC5152604D40065BF86 /* Peertalk Example */,
			);
		};
/* End PBXProject section */

/* Begin PBXResourcesBuildPhase section */
		6A64AAC4152604D40065BF86 /* Resources */ = {
			isa = PBXResourcesBuildPhase;
			buildActionMask = 2147483647;
			files = (
				6A64AACE152604D40065BF86 /* InfoPlist.strings in Resources */,
				6A64AAD4152604D40065BF86 /* Credits.rtf in Resources */,
				6A64AADA152604D40065BF86 /* MainMenu.xib in Resources */,
				6A2E8E3D152749E0001B90E4 /* Icon.icns in Resources */,
			);
			runOnlyForDeploymentPostprocessing = 0;
		};
/* End PBXResourcesBuildPhase section */

/* Begin PBXShellScriptBuildPhase section */
		88FA285F6F80F8D89B459C51 /* Embed Pods Frameworks */ = {
			isa = PBXShellScriptBuildPhase;
			buildActionMask = 2147483647;
			files = (
			);
			inputPaths = (
			);
			name = "Embed Pods Frameworks";
			outputPaths = (
			);
			runOnlyForDeploymentPostprocessing = 0;
			shellPath = /bin/sh;
			shellScript = "\"${SRCROOT}/Pods/Target Support Files/Pods-Peertalk Example/Pods-Peertalk Example-frameworks.sh\"\n";
			showEnvVarsInLog = 0;
		};
		B59320FC22C02E8FFC9F177C /* Check Pods Manifest.lock */ = {
			isa = PBXShellScriptBuildPhase;
			buildActionMask = 2147483647;
			files = (
			);
			inputPaths = (
			);
			name = "Check Pods Manifest.lock";
			outputPaths = (
			);
			runOnlyForDeploymentPostprocessing = 0;
			shellPath = /bin/sh;
			shellScript = "diff \"${PODS_ROOT}/../Podfile.lock\" \"${PODS_ROOT}/Manifest.lock\" > /dev/null\nif [[ $? != 0 ]] ; then\n    cat << EOM\nerror: The sandbox is not in sync with the Podfile.lock. Run 'pod install' or update your CocoaPods installation.\nEOM\n    exit 1\nfi\n";
			showEnvVarsInLog = 0;
		};
		C2C9F27C7826EEA618FC3893 /* Copy Pods Resources */ = {
			isa = PBXShellScriptBuildPhase;
			buildActionMask = 2147483647;
			files = (
			);
			inputPaths = (
			);
			name = "Copy Pods Resources";
			outputPaths = (
			);
			runOnlyForDeploymentPostprocessing = 0;
			shellPath = /bin/sh;
			shellScript = "\"${SRCROOT}/Pods/Target Support Files/Pods-Peertalk Example/Pods-Peertalk Example-resources.sh\"\n";
			showEnvVarsInLog = 0;
		};
/* End PBXShellScriptBuildPhase section */

/* Begin PBXSourcesBuildPhase section */
		6A64AAC2152604D40065BF86 /* Sources */ = {
			isa = PBXSourcesBuildPhase;
			buildActionMask = 2147483647;
			files = (
				6A64AAD0152604D40065BF86 /* main.m in Sources */,
			);
			runOnlyForDeploymentPostprocessing = 0;
		};
		6A88FA2C150D613800FC3647 /* Sources */ = {
			isa = PBXSourcesBuildPhase;
			buildActionMask = 2147483647;
			files = (
				6A88FA61150D61DE00FC3647 /* PTProtocol.m in Sources */,
				6A88FA63150D61DE00FC3647 /* PTUSBHub.m in Sources */,
				C3EE2C121D1B319D007B85A9 /* FBPortForwardingClient.m in Sources */,
				6ACFD2D7151D36220081ACF5 /* PTChannel.m in Sources */,
			);
			runOnlyForDeploymentPostprocessing = 0;
		};
/* End PBXSourcesBuildPhase section */

/* Begin PBXTargetDependency section */
		6A64AB0415260B510065BF86 /* PBXTargetDependency */ = {
			isa = PBXTargetDependency;
			target = 6A88FA2F150D613800FC3647 /* peertalk */;
			targetProxy = 6A64AB0315260B510065BF86 /* PBXContainerItemProxy */;
		};
/* End PBXTargetDependency section */

/* Begin PBXVariantGroup section */
		6A64AACC152604D40065BF86 /* InfoPlist.strings */ = {
			isa = PBXVariantGroup;
			children = (
				6A64AACD152604D40065BF86 /* en */,
			);
			name = InfoPlist.strings;
			sourceTree = "<group>";
		};
		6A64AAD2152604D40065BF86 /* Credits.rtf */ = {
			isa = PBXVariantGroup;
			children = (
				6A64AAD3152604D40065BF86 /* en */,
			);
			name = Credits.rtf;
			sourceTree = "<group>";
		};
		6A64AAD8152604D40065BF86 /* MainMenu.xib */ = {
			isa = PBXVariantGroup;
			children = (
				6A64AAD9152604D40065BF86 /* en */,
			);
			name = MainMenu.xib;
			sourceTree = "<group>";
		};
		6A88FA4E150D613800FC3647 /* InfoPlist.strings */ = {
			isa = PBXVariantGroup;
			children = (
				6A88FA4F150D613800FC3647 /* en */,
			);
			name = InfoPlist.strings;
			sourceTree = "<group>";
		};
/* End PBXVariantGroup section */

/* Begin XCBuildConfiguration section */
		6A64AADC152604D40065BF86 /* Debug */ = {
			isa = XCBuildConfiguration;
			baseConfigurationReference = D9454E96A897C47639AE9F0C /* Pods-Peertalk Example.debug.xcconfig */;
			buildSettings = {
				COMBINE_HIDPI_IMAGES = YES;
				GCC_PRECOMPILE_PREFIX_HEADER = YES;
				GCC_PREFIX_HEADER = "Peertalk Example/Peertalk Example-Prefix.pch";
				INFOPLIST_FILE = "Peertalk Example/Peertalk Example-Info.plist";
				MACOSX_DEPLOYMENT_TARGET = "";
				PRODUCT_NAME = "$(TARGET_NAME)";
				WRAPPER_EXTENSION = app;
			};
			name = Debug;
		};
		6A64AADD152604D40065BF86 /* Release */ = {
			isa = XCBuildConfiguration;
			baseConfigurationReference = 1E2CB8BDA546C31DBFB494E3 /* Pods-Peertalk Example.release.xcconfig */;
			buildSettings = {
				COMBINE_HIDPI_IMAGES = YES;
				GCC_PRECOMPILE_PREFIX_HEADER = YES;
				GCC_PREFIX_HEADER = "Peertalk Example/Peertalk Example-Prefix.pch";
				INFOPLIST_FILE = "Peertalk Example/Peertalk Example-Info.plist";
				MACOSX_DEPLOYMENT_TARGET = "";
				PRODUCT_NAME = "$(TARGET_NAME)";
				WRAPPER_EXTENSION = app;
			};
			name = Release;
		};
		6A88FA54150D613800FC3647 /* Debug */ = {
			isa = XCBuildConfiguration;
			buildSettings = {
				ALWAYS_SEARCH_USER_PATHS = NO;
				CLANG_ENABLE_OBJC_ARC = YES;
				CLANG_WARN_BOOL_CONVERSION = YES;
				CLANG_WARN_CONSTANT_CONVERSION = YES;
				CLANG_WARN_EMPTY_BODY = YES;
				CLANG_WARN_ENUM_CONVERSION = YES;
				CLANG_WARN_INT_CONVERSION = YES;
				CLANG_WARN_UNREACHABLE_CODE = YES;
				CLANG_WARN__DUPLICATE_METHOD_MATCH = YES;
				COPY_PHASE_STRIP = NO;
				ENABLE_STRICT_OBJC_MSGSEND = YES;
				GCC_C_LANGUAGE_STANDARD = gnu99;
				GCC_DYNAMIC_NO_PIC = NO;
				GCC_ENABLE_OBJC_EXCEPTIONS = YES;
				GCC_NO_COMMON_BLOCKS = YES;
				GCC_OPTIMIZATION_LEVEL = 0;
				GCC_PREPROCESSOR_DEFINITIONS = (
					"DEBUG=1",
					"$(inherited)",
				);
				GCC_SYMBOLS_PRIVATE_EXTERN = NO;
				GCC_VERSION = com.apple.compilers.llvm.clang.1_0;
				GCC_WARN_64_TO_32_BIT_CONVERSION = YES;
				GCC_WARN_ABOUT_RETURN_TYPE = YES;
				GCC_WARN_UNDECLARED_SELECTOR = YES;
				GCC_WARN_UNINITIALIZED_AUTOS = YES;
				GCC_WARN_UNUSED_FUNCTION = YES;
				GCC_WARN_UNUSED_VARIABLE = YES;
				MACOSX_DEPLOYMENT_TARGET = "";
				ONLY_ACTIVE_ARCH = YES;
				SDKROOT = macosx;
			};
			name = Debug;
		};
		6A88FA55150D613800FC3647 /* Release */ = {
			isa = XCBuildConfiguration;
			buildSettings = {
				ALWAYS_SEARCH_USER_PATHS = NO;
				CLANG_ENABLE_OBJC_ARC = YES;
				CLANG_WARN_BOOL_CONVERSION = YES;
				CLANG_WARN_CONSTANT_CONVERSION = YES;
				CLANG_WARN_EMPTY_BODY = YES;
				CLANG_WARN_ENUM_CONVERSION = YES;
				CLANG_WARN_INT_CONVERSION = YES;
				CLANG_WARN_UNREACHABLE_CODE = YES;
				CLANG_WARN__DUPLICATE_METHOD_MATCH = YES;
				COPY_PHASE_STRIP = YES;
				DEBUG_INFORMATION_FORMAT = "dwarf-with-dsym";
				ENABLE_STRICT_OBJC_MSGSEND = YES;
				GCC_C_LANGUAGE_STANDARD = gnu99;
				GCC_ENABLE_OBJC_EXCEPTIONS = YES;
				GCC_NO_COMMON_BLOCKS = YES;
				GCC_VERSION = com.apple.compilers.llvm.clang.1_0;
				GCC_WARN_64_TO_32_BIT_CONVERSION = YES;
				GCC_WARN_ABOUT_RETURN_TYPE = YES;
				GCC_WARN_UNDECLARED_SELECTOR = YES;
				GCC_WARN_UNINITIALIZED_AUTOS = YES;
				GCC_WARN_UNUSED_FUNCTION = YES;
				GCC_WARN_UNUSED_VARIABLE = YES;
				MACOSX_DEPLOYMENT_TARGET = "";
				SDKROOT = macosx;
			};
			name = Release;
		};
		6A88FA57150D613800FC3647 /* Debug */ = {
			isa = XCBuildConfiguration;
			buildSettings = {
				COMBINE_HIDPI_IMAGES = YES;
				GCC_PRECOMPILE_PREFIX_HEADER = YES;
				GCC_PREFIX_HEADER = peertalk/prefix.pch;
				MACOSX_DEPLOYMENT_TARGET = "";
				PRODUCT_NAME = peertalk;
			};
			name = Debug;
		};
		6A88FA58150D613800FC3647 /* Release */ = {
			isa = XCBuildConfiguration;
			buildSettings = {
				COMBINE_HIDPI_IMAGES = YES;
				GCC_PRECOMPILE_PREFIX_HEADER = YES;
				GCC_PREFIX_HEADER = peertalk/prefix.pch;
				MACOSX_DEPLOYMENT_TARGET = "";
				PRODUCT_NAME = peertalk;
			};
			name = Release;
		};
/* End XCBuildConfiguration section */

/* Begin XCConfigurationList section */
		6A64AADB152604D40065BF86 /* Build configuration list for PBXNativeTarget "Peertalk Example" */ = {
			isa = XCConfigurationList;
			buildConfigurations = (
				6A64AADC152604D40065BF86 /* Debug */,
				6A64AADD152604D40065BF86 /* Release */,
			);
			defaultConfigurationIsVisible = 0;
			defaultConfigurationName = Release;
		};
		6A88FA2A150D613800FC3647 /* Build configuration list for PBXProject "peertalk" */ = {
			isa = XCConfigurationList;
			buildConfigurations = (
				6A88FA54150D613800FC3647 /* Debug */,
				6A88FA55150D613800FC3647 /* Release */,
			);
			defaultConfigurationIsVisible = 0;
			defaultConfigurationName = Release;
		};
		6A88FA56150D613800FC3647 /* Build configuration list for PBXNativeTarget "peertalk" */ = {
			isa = XCConfigurationList;
			buildConfigurations = (
				6A88FA57150D613800FC3647 /* Debug */,
				6A88FA58150D613800FC3647 /* Release */,
			);
			defaultConfigurationIsVisible = 0;
			defaultConfigurationName = Release;
		};
/* End XCConfigurationList section */
	};
	rootObject = 6A88FA27150D613800FC3647 /* Project object */;
}
